
Microsoft Visual Studio Solution File, Format Version 12.00
# Visual Studio 2013
VisualStudioVersion = 12.0.21005.1
MinimumVisualStudioVersion = 10.0.40219.1
Project("{8BC9CEB8-8B4A-11D0-8D11-00A0C91BC942}") = "Castlevania", "Castlevania\Castlevania.vcxproj", "{6F007186-2DEC-4A09-ABEA-0464F0B3FE7D}"
EndProject
Global
	GlobalSection(SolutionConfigurationPlatforms) = preSolution
		CD_ROM|Win32 = CD_ROM|Win32
		Debug|Win32 = Debug|Win32
		DVD-5|Win32 = DVD-5|Win32
		Release|Win32 = Release|Win32
		SingleImage|Win32 = SingleImage|Win32
	EndGlobalSection
	GlobalSection(ProjectConfigurationPlatforms) = postSolution
		{6F007186-2DEC-4A09-ABEA-0464F0B3FE7D}.CD_ROM|Win32.ActiveCfg = Release|Win32
		{6F007186-2DEC-4A09-ABEA-0464F0B3FE7D}.CD_ROM|Win32.Build.0 = Release|Win32
		{6F007186-2DEC-4A09-ABEA-0464F0B3FE7D}.Debug|Win32.ActiveCfg = Release|Win32
		{6F007186-2DEC-4A09-ABEA-0464F0B3FE7D}.Debug|Win32.Build.0 = Release|Win32
		{6F007186-2DEC-4A09-ABEA-0464F0B3FE7D}.DVD-5|Win32.ActiveCfg = Debug|Win32
		{6F007186-2DEC-4A09-ABEA-0464F0B3FE7D}.DVD-5|Win32.Build.0 = Debug|Win32
		{6F007186-2DEC-4A09-ABEA-0464F0B3FE7D}.Release|Win32.ActiveCfg = Release|Win32
		{6F007186-2DEC-4A09-ABEA-0464F0B3FE7D}.Release|Win32.Build.0 = Release|Win32
		{6F007186-2DEC-4A09-ABEA-0464F0B3FE7D}.SingleImage|Win32.ActiveCfg = Release|Win32
		{6F007186-2DEC-4A09-ABEA-0464F0B3FE7D}.SingleImage|Win32.Build.0 = Release|Win32
	EndGlobalSection
	GlobalSection(SolutionProperties) = preSolution
		HideSolutionNode = FALSE
	EndGlobalSection
EndGlobal
