<?xml version="1.0" encoding="utf-8"?>
<Project ToolsVersion="4.0" xmlns="http://schemas.microsoft.com/developer/msbuild/2003">
  <ItemGroup>
    <Filter Include="Resource Files">
      <UniqueIdentifier>{67DA6AB6-F800-4c08-8B7A-83BB121AAD01}</UniqueIdentifier>
      <Extensions>rc;ico;cur;bmp;dlg;rc2;rct;bin;rgs;gif;jpg;jpeg;jpe;resx;tiff;tif;png;wav;mfcribbon-ms</Extensions>
    </Filter>
    <Filter Include="FrameWork">
      <UniqueIdentifier>{01eb7931-2ae3-4bc5-a40a-7c2e31ac8598}</UniqueIdentifier>
    </Filter>
    <Filter Include="FrameWork\Camera">
      <UniqueIdentifier>{0f9901ec-8cf6-4ea7-9202-649c5506978e}</UniqueIdentifier>
    </Filter>
    <Filter Include="FrameWork\Sound">
      <UniqueIdentifier>{25827955-a699-408b-b60e-2887e44e1875}</UniqueIdentifier>
    </Filter>
    <Filter Include="FrameWork\Text">
      <UniqueIdentifier>{54f6ba22-28b3-4276-9985-117901537e7f}</UniqueIdentifier>
    </Filter>
    <Filter Include="Utils">
      <UniqueIdentifier>{a73fa7e3-3df4-4db5-b1d8-dd2c8d1f393b}</UniqueIdentifier>
    </Filter>
    <Filter Include="Manage">
      <UniqueIdentifier>{93ef2c4e-822b-4123-8b74-288e99932e6b}</UniqueIdentifier>
    </Filter>
    <Filter Include="WinMain">
      <UniqueIdentifier>{667ac33d-11dc-448b-92a5-f0c0b6b01be9}</UniqueIdentifier>
    </Filter>
    <Filter Include="Game">
      <UniqueIdentifier>{485bfc28-2da3-4b25-8e27-54fe49862a26}</UniqueIdentifier>
    </Filter>
    <Filter Include="Game\Scene">
      <UniqueIdentifier>{f3c879b7-c0d1-4038-bd53-9c20020c1798}</UniqueIdentifier>
    </Filter>
    <Filter Include="Background">
      <UniqueIdentifier>{98986f30-85c5-432a-afaa-49b2fadbf889}</UniqueIdentifier>
    </Filter>
  </ItemGroup>
  <ItemGroup>
    <ClInclude Include="Utils.h">
      <Filter>Utils</Filter>
    </ClInclude>
    <ClInclude Include="Global.h">
      <Filter>Utils</Filter>
    </ClInclude>
    <ClInclude Include="CTexture.h">
      <Filter>FrameWork</Filter>
    </ClInclude>
    <ClInclude Include="CSprite.h">
      <Filter>FrameWork</Filter>
    </ClInclude>
    <ClInclude Include="CText.h">
      <Filter>FrameWork\Text</Filter>
    </ClInclude>
    <ClInclude Include="CCamera.h">
      <Filter>FrameWork\Camera</Filter>
    </ClInclude>
    <ClInclude Include="CAudio.h">
      <Filter>FrameWork\Sound</Filter>
    </ClInclude>
    <ClInclude Include="dsutil.h">
      <Filter>FrameWork\Sound</Filter>
    </ClInclude>
    <ClInclude Include="dxutil.h">
      <Filter>FrameWork\Sound</Filter>
    </ClInclude>
    <ClInclude Include="SoundManager.h">
      <Filter>Manage</Filter>
    </ClInclude>
    <ClInclude Include="Game.h">
      <Filter>Game</Filter>
    </ClInclude>
    <ClInclude Include="SceneMain.h">
      <Filter>Game</Filter>
    </ClInclude>
    <ClInclude Include="Scene.h">
      <Filter>Game\Scene</Filter>
    </ClInclude>
    <ClInclude Include="SceneGame.h">
      <Filter>Game\Scene</Filter>
    </ClInclude>
    <ClInclude Include="CEnum.h">
      <Filter>Utils</Filter>
    </ClInclude>
    <ClInclude Include="Tile.h">
      <Filter>Background</Filter>
    </ClInclude>
    <ClInclude Include="QBackground.h">
      <Filter>Background</Filter>
    </ClInclude>
    <ClInclude Include="SceneMenu.h">
      <Filter>Game\Scene</Filter>
    </ClInclude>
    <ClInclude Include="EndGameScene.h">
      <Filter>Game\Scene</Filter>
    </ClInclude>
    <ClInclude Include="Singleton.h">
      <Filter>Manage</Filter>
    </ClInclude>
  </ItemGroup>
  <ItemGroup>
    <ClCompile Include="Utils.cpp">
      <Filter>Utils</Filter>
    </ClCompile>
    <ClCompile Include="Global.cpp">
      <Filter>Utils</Filter>
    </ClCompile>
    <ClCompile Include="CTexture.cpp">
      <Filter>FrameWork</Filter>
    </ClCompile>
    <ClCompile Include="CSprite.cpp">
      <Filter>FrameWork</Filter>
    </ClCompile>
    <ClCompile Include="CText.cpp">
      <Filter>FrameWork\Text</Filter>
    </ClCompile>
    <ClCompile Include="CCamera.cpp">
      <Filter>FrameWork\Camera</Filter>
    </ClCompile>
    <ClCompile Include="CAudio.cpp">
      <Filter>FrameWork\Sound</Filter>
    </ClCompile>
    <ClCompile Include="dsutil.cpp">
      <Filter>FrameWork\Sound</Filter>
    </ClCompile>
    <ClCompile Include="SoundManager.cpp">
      <Filter>Manage</Filter>
    </ClCompile>
    <ClCompile Include="main.cpp">
      <Filter>WinMain</Filter>
    </ClCompile>
    <ClCompile Include="Game.cpp">
      <Filter>Game</Filter>
    </ClCompile>
    <ClCompile Include="SceneMain.cpp">
      <Filter>Game</Filter>
    </ClCompile>
    <ClCompile Include="Scene.cpp">
      <Filter>Game\Scene</Filter>
    </ClCompile>
    <ClCompile Include="SceneGame.cpp">
      <Filter>Game\Scene</Filter>
    </ClCompile>
    <ClCompile Include="Tile.cpp">
      <Filter>Background</Filter>
    </ClCompile>
    <ClCompile Include="QBackground.cpp">
      <Filter>Background</Filter>
    </ClCompile>
    <ClCompile Include="SceneMenu.cpp">
      <Filter>Game\Scene</Filter>
    </ClCompile>
    <ClCompile Include="EndGameScene.cpp">
      <Filter>Game\Scene</Filter>
    </ClCompile>
    <ClCompile Include="Singleton.cpp">
      <Filter>Manage</Filter>
    </ClCompile>
  </ItemGroup>
</Project>