<?xml version="1.0" encoding="utf-8"?>
<Project ToolsVersion="4.0" xmlns="http://schemas.microsoft.com/developer/msbuild/2003">
  <ItemGroup>
    <Filter Include="Source Files">
      <UniqueIdentifier>{4FC737F1-C7A5-4376-A066-2A32D752A2FF}</UniqueIdentifier>
      <Extensions>cpp;c;cc;cxx;def;odl;idl;hpj;bat;asm;asmx</Extensions>
    </Filter>
    <Filter Include="Header Files">
      <UniqueIdentifier>{93995380-89BD-4b04-88EB-625FBE52EBFB}</UniqueIdentifier>
      <Extensions>h;hh;hpp;hxx;hm;inl;inc;xsd</Extensions>
    </Filter>
    <Filter Include="Resource Files">
      <UniqueIdentifier>{67DA6AB6-F800-4c08-8B7A-83BB121AAD01}</UniqueIdentifier>
      <Extensions>rc;ico;cur;bmp;dlg;rc2;rct;bin;rgs;gif;jpg;jpeg;jpe;resx;tiff;tif;png;wav;mfcribbon-ms</Extensions>
    </Filter>
    <Filter Include="Framework">
      <UniqueIdentifier>{3fda1794-f14c-4a1a-8fcc-7d37703a62ec}</UniqueIdentifier>
    </Filter>
    <Filter Include="Game">
      <UniqueIdentifier>{48a64b55-73e8-45ab-8274-053832b92011}</UniqueIdentifier>
    </Filter>
  </ItemGroup>
  <ItemGroup>
    <ClInclude Include="dsutil.h">
      <Filter>Framework</Filter>
    </ClInclude>
    <ClInclude Include="dxutil.h">
      <Filter>Framework</Filter>
    </ClInclude>
    <ClInclude Include="dxaudio.h">
      <Filter>Framework</Filter>
    </ClInclude>
    <ClInclude Include="camera.h">
      <Filter>Framework</Filter>
    </ClInclude>
    <ClInclude Include="global.h">
      <Filter>Framework</Filter>
    </ClInclude>
    <ClInclude Include="dxinput.h">
      <Filter>Framework</Filter>
    </ClInclude>
    <ClInclude Include="dxgraphics.h">
      <Filter>Framework</Filter>
    </ClInclude>
    <ClInclude Include="font.h">
      <Filter>Framework</Filter>
    </ClInclude>
    <ClInclude Include="sweptaabb.h">
      <Filter>Framework</Filter>
    </ClInclude>
    <ClInclude Include="gameobject.h">
      <Filter>Game</Filter>
    </ClInclude>
    <ClInclude Include="quadtree.h">
      <Filter>Framework</Filter>
    </ClInclude>
    <ClInclude Include="game.h">
      <Filter>Game</Filter>
    </ClInclude>
    <ClInclude Include="sprite.h">
      <Filter>Game</Filter>
    </ClInclude>
  </ItemGroup>
  <ItemGroup>
    <ClCompile Include="dsutil.cpp">
      <Filter>Framework</Filter>
    </ClCompile>
    <ClCompile Include="dxaudio.cpp">
      <Filter>Framework</Filter>
    </ClCompile>
    <ClCompile Include="camera.cpp">
      <Filter>Framework</Filter>
    </ClCompile>
    <ClCompile Include="dxinput.cpp">
      <Filter>Framework</Filter>
    </ClCompile>
    <ClCompile Include="dxgraphics.cpp">
      <Filter>Framework</Filter>
    </ClCompile>
    <ClCompile Include="font.cpp">
      <Filter>Framework</Filter>
    </ClCompile>
    <ClCompile Include="sweptaabb.cpp">
      <Filter>Framework</Filter>
    </ClCompile>
    <ClCompile Include="gameobject.cpp">
      <Filter>Game</Filter>
    </ClCompile>
    <ClCompile Include="quadtree.cpp">
      <Filter>Framework</Filter>
    </ClCompile>
    <ClCompile Include="game.cpp">
      <Filter>Game</Filter>
    </ClCompile>
    <ClCompile Include="winmain.cpp">
      <Filter>Game</Filter>
    </ClCompile>
    <ClCompile Include="sprite.cpp">
      <Filter>Game</Filter>
    </ClCompile>
  </ItemGroup>
</Project>